
Microsoft Visual Studio Solution File, Format Version 12.00
# Visual Studio Version 17
VisualStudioVersion = 17.0.31521.260
MinimumVisualStudioVersion = 10.0.40219.1
Project("{6EC3EE1D-3C4E-46DD-8F32-0CC8E7565705}") = "NaiveSharpEval", "NaiveSharpEval\NaiveSharpEval.fsproj", "{00E6497F-0293-4F6C-A053-90F216C9A9CF}"
EndProject
Project("{6EC3EE1D-3C4E-46DD-8F32-0CC8E7565705}") = "FSharpTests", "..\Tests\FSharpTests\FSharpTests.fsproj", "{8CFB959D-40CE-4945-82CB-04B240A31267}"
EndProject
Project("{FAE04EC0-301F-11D3-BF4B-00C04F79EFBC}") = "CSharpTests", "..\Tests\CSharpTests\CSharpTests.csproj", "{44686C0C-8A1E-49BB-990B-46D75204547A}"
EndProject
Global
	GlobalSection(SolutionConfigurationPlatforms) = preSolution
		Debug|Any CPU = Debug|Any CPU
		Release|Any CPU = Release|Any CPU
	EndGlobalSection
	GlobalSection(ProjectConfigurationPlatforms) = postSolution
		{00E6497F-0293-4F6C-A053-90F216C9A9CF}.Debug|Any CPU.ActiveCfg = Debug|Any CPU
		{00E6497F-0293-4F6C-A053-90F216C9A9CF}.Debug|Any CPU.Build.0 = Debug|Any CPU
		{00E6497F-0293-4F6C-A053-90F216C9A9CF}.Release|Any CPU.ActiveCfg = Release|Any CPU
		{00E6497F-0293-4F6C-A053-90F216C9A9CF}.Release|Any CPU.Build.0 = Release|Any CPU
		{8CFB959D-40CE-4945-82CB-04B240A31267}.Debug|Any CPU.ActiveCfg = Debug|Any CPU
		{8CFB959D-40CE-4945-82CB-04B240A31267}.Debug|Any CPU.Build.0 = Debug|Any CPU
		{8CFB959D-40CE-4945-82CB-04B240A31267}.Release|Any CPU.ActiveCfg = Release|Any CPU
		{8CFB959D-40CE-4945-82CB-04B240A31267}.Release|Any CPU.Build.0 = Release|Any CPU
		{44686C0C-8A1E-49BB-990B-46D75204547A}.Debug|Any CPU.ActiveCfg = Debug|Any CPU
		{44686C0C-8A1E-49BB-990B-46D75204547A}.Debug|Any CPU.Build.0 = Debug|Any CPU
		{44686C0C-8A1E-49BB-990B-46D75204547A}.Release|Any CPU.ActiveCfg = Release|Any CPU
		{44686C0C-8A1E-49BB-990B-46D75204547A}.Release|Any CPU.Build.0 = Release|Any CPU
	EndGlobalSection
	GlobalSection(SolutionProperties) = preSolution
		HideSolutionNode = FALSE
	EndGlobalSection
	GlobalSection(ExtensibilityGlobals) = postSolution
		SolutionGuid = {6BBAC400-EA35-4914-B51E-899679AAEC0B}
	EndGlobalSection
EndGlobal
